
Microsoft Visual Studio Solution File, Format Version 12.00
# Visual Studio 15
VisualStudioVersion = 15.0.28107.0
MinimumVisualStudioVersion = 10.0.40219.1
Project("{FAE04EC0-301F-11D3-BF4B-00C04F79EFBC}") = "dotnet-webapp-multitenant-openidconnect", "dotnet-webapp-multitenant-openidconnect\dotnet-webapp-multitenant-openidconnect.csproj", "{604FA0B0-92FF-4722-AC1F-778AD53F8913}"
EndProject
Global
	GlobalSection(SolutionConfigurationPlatforms) = preSolution
		Debug|Any CPU = Debug|Any CPU
		Release|Any CPU = Release|Any CPU
	EndGlobalSection
	GlobalSection(ProjectConfigurationPlatforms) = postSolution
		{604FA0B0-92FF-4722-AC1F-778AD53F8913}.Debug|Any CPU.ActiveCfg = Debug|Any CPU
		{604FA0B0-92FF-4722-AC1F-778AD53F8913}.Debug|Any CPU.Build.0 = Debug|Any CPU
		{604FA0B0-92FF-4722-AC1F-778AD53F8913}.Release|Any CPU.ActiveCfg = Release|Any CPU
		{604FA0B0-92FF-4722-AC1F-778AD53F8913}.Release|Any CPU.Build.0 = Release|Any CPU
	EndGlobalSection
	GlobalSection(SolutionProperties) = preSolution
		HideSolutionNode = FALSE
	EndGlobalSection
	GlobalSection(ExtensibilityGlobals) = postSolution
		SolutionGuid = {3921CBD2-4C4F-4C08-A422-F1980572F1B4}
	EndGlobalSection
EndGlobal
